
Microsoft Visual Studio Solution File, Format Version 12.00
# Visual Studio Version 17
VisualStudioVersion = 17.0.31903.59
MinimumVisualStudioVersion = 10.0.40219.1
Project("{FAE04EC0-301F-11D3-BF4B-00C04F79EFBC}") = "Di.ConsoleApp", "Di.ConsoleApp\Di.ConsoleApp.csproj", "{B923B96D-B678-472E-90DF-25B960C2C71C}"
EndProject
Project("{FAE04EC0-301F-11D3-BF4B-00C04F79EFBC}") = "Di.Library", "Di.Library\Di.Library.csproj", "{3E712779-ECB4-4494-B2DC-4D556F43F160}"
EndProject
Global
	GlobalSection(SolutionConfigurationPlatforms) = preSolution
		Debug|Any CPU = Debug|Any CPU
		Release|Any CPU = Release|Any CPU
	EndGlobalSection
	GlobalSection(SolutionProperties) = preSolution
		HideSolutionNode = FALSE
	EndGlobalSection
	GlobalSection(ProjectConfigurationPlatforms) = postSolution
		{B923B96D-B678-472E-90DF-25B960C2C71C}.Debug|Any CPU.ActiveCfg = Debug|Any CPU
		{B923B96D-B678-472E-90DF-25B960C2C71C}.Debug|Any CPU.Build.0 = Debug|Any CPU
		{B923B96D-B678-472E-90DF-25B960C2C71C}.Release|Any CPU.ActiveCfg = Release|Any CPU
		{B923B96D-B678-472E-90DF-25B960C2C71C}.Release|Any CPU.Build.0 = Release|Any CPU
		{3E712779-ECB4-4494-B2DC-4D556F43F160}.Debug|Any CPU.ActiveCfg = Debug|Any CPU
		{3E712779-ECB4-4494-B2DC-4D556F43F160}.Debug|Any CPU.Build.0 = Debug|Any CPU
		{3E712779-ECB4-4494-B2DC-4D556F43F160}.Release|Any CPU.ActiveCfg = Release|Any CPU
		{3E712779-ECB4-4494-B2DC-4D556F43F160}.Release|Any CPU.Build.0 = Release|Any CPU
	EndGlobalSection
EndGlobal
